
Microsoft Visual Studio Solution File, Format Version 12.00
# Visual Studio 15
VisualStudioVersion = 15.0.27703.2042
MinimumVisualStudioVersion = 10.0.40219.1
Project("{FAE04EC0-301F-11D3-BF4B-00C04F79EFBC}") = "EmployeeApp2", "EmployeeApp2\EmployeeApp2.csproj", "{95FEC955-550B-4B6A-8BC7-E368E356769A}"
EndProject
Global
	GlobalSection(SolutionConfigurationPlatforms) = preSolution
		Debug|Any CPU = Debug|Any CPU
		Release|Any CPU = Release|Any CPU
	EndGlobalSection
	GlobalSection(ProjectConfigurationPlatforms) = postSolution
		{95FEC955-550B-4B6A-8BC7-E368E356769A}.Debug|Any CPU.ActiveCfg = Debug|Any CPU
		{95FEC955-550B-4B6A-8BC7-E368E356769A}.Debug|Any CPU.Build.0 = Debug|Any CPU
		{95FEC955-550B-4B6A-8BC7-E368E356769A}.Release|Any CPU.ActiveCfg = Release|Any CPU
		{95FEC955-550B-4B6A-8BC7-E368E356769A}.Release|Any CPU.Build.0 = Release|Any CPU
	EndGlobalSection
	GlobalSection(SolutionProperties) = preSolution
		HideSolutionNode = FALSE
	EndGlobalSection
	GlobalSection(ExtensibilityGlobals) = postSolution
		SolutionGuid = {428CF6F4-3135-4725-B579-963B1A60F91C}
	EndGlobalSection
EndGlobal
